
Microsoft Visual Studio Solution File, Format Version 12.00
# Visual Studio Version 17
VisualStudioVersion = 17.11.35222.181
MinimumVisualStudioVersion = 10.0.40219.1
Project("{9A19103F-16F7-4668-BE54-9A1E7A4F7556}") = "Website_tour_Fe", "Website_tour\Website_tour_Fe.csproj", "{35083982-A851-4BBF-B083-F849E3BEF634}"
EndProject
Project("{9A19103F-16F7-4668-BE54-9A1E7A4F7556}") = "Website_tour_Be", "Website_tour_Be\Website_tour_Be.csproj", "{9DAA68DB-E693-473D-B4EB-585E8DC7E475}"
EndProject
Global
	GlobalSection(SolutionConfigurationPlatforms) = preSolution
		Debug|Any CPU = Debug|Any CPU
		Release|Any CPU = Release|Any CPU
	EndGlobalSection
	GlobalSection(ProjectConfigurationPlatforms) = postSolution
		{35083982-A851-4BBF-B083-F849E3BEF634}.Debug|Any CPU.ActiveCfg = Debug|Any CPU
		{35083982-A851-4BBF-B083-F849E3BEF634}.Debug|Any CPU.Build.0 = Debug|Any CPU
		{35083982-A851-4BBF-B083-F849E3BEF634}.Release|Any CPU.ActiveCfg = Release|Any CPU
		{35083982-A851-4BBF-B083-F849E3BEF634}.Release|Any CPU.Build.0 = Release|Any CPU
		{9DAA68DB-E693-473D-B4EB-585E8DC7E475}.Debug|Any CPU.ActiveCfg = Debug|Any CPU
		{9DAA68DB-E693-473D-B4EB-585E8DC7E475}.Debug|Any CPU.Build.0 = Debug|Any CPU
		{9DAA68DB-E693-473D-B4EB-585E8DC7E475}.Release|Any CPU.ActiveCfg = Release|Any CPU
		{9DAA68DB-E693-473D-B4EB-585E8DC7E475}.Release|Any CPU.Build.0 = Release|Any CPU
	EndGlobalSection
	GlobalSection(SolutionProperties) = preSolution
		HideSolutionNode = FALSE
	EndGlobalSection
	GlobalSection(ExtensibilityGlobals) = postSolution
		SolutionGuid = {3C97C167-5658-40CA-ADC1-5DA042AE990A}
	EndGlobalSection
EndGlobal
